
Microsoft Visual Studio Solution File, Format Version 12.00
Project("{FAE04EC0-301F-11D3-BF4B-00C04F79EFBC}") = "Harmony", "Harmony.csproj", "{CEFD9EB8-5C67-4437-B4B5-68C5D73D16CB}"
EndProject
Project("{FAE04EC0-301F-11D3-BF4B-00C04F79EFBC}") = "Harmony.Tests", "Harmony.Tests\Harmony.Tests.csproj", "{DE0919AA-25ED-4172-A592-9B3851726C73}"
EndProject
Global
	GlobalSection(SolutionConfigurationPlatforms) = preSolution
		Debug|Any CPU = Debug|Any CPU
		Debug|x64 = Debug|x64
		Debug|x86 = Debug|x86
		Release|Any CPU = Release|Any CPU
		Release|x64 = Release|x64
		Release|x86 = Release|x86
	EndGlobalSection
	GlobalSection(ProjectConfigurationPlatforms) = postSolution
		{CEFD9EB8-5C67-4437-B4B5-68C5D73D16CB}.Debug|Any CPU.ActiveCfg = Debug|Any CPU
		{CEFD9EB8-5C67-4437-B4B5-68C5D73D16CB}.Debug|Any CPU.Build.0 = Debug|Any CPU
		{CEFD9EB8-5C67-4437-B4B5-68C5D73D16CB}.Debug|x64.ActiveCfg = Debug|Any CPU
		{CEFD9EB8-5C67-4437-B4B5-68C5D73D16CB}.Debug|x64.Build.0 = Debug|Any CPU
		{CEFD9EB8-5C67-4437-B4B5-68C5D73D16CB}.Debug|x86.ActiveCfg = Debug|Any CPU
		{CEFD9EB8-5C67-4437-B4B5-68C5D73D16CB}.Debug|x86.Build.0 = Debug|Any CPU
		{CEFD9EB8-5C67-4437-B4B5-68C5D73D16CB}.Release|Any CPU.ActiveCfg = Release|Any CPU
		{CEFD9EB8-5C67-4437-B4B5-68C5D73D16CB}.Release|Any CPU.Build.0 = Release|Any CPU
		{CEFD9EB8-5C67-4437-B4B5-68C5D73D16CB}.Release|x64.ActiveCfg = Release|Any CPU
		{CEFD9EB8-5C67-4437-B4B5-68C5D73D16CB}.Release|x64.Build.0 = Release|Any CPU
		{CEFD9EB8-5C67-4437-B4B5-68C5D73D16CB}.Release|x86.ActiveCfg = Release|Any CPU
		{CEFD9EB8-5C67-4437-B4B5-68C5D73D16CB}.Release|x86.Build.0 = Release|Any CPU
		{DE0919AA-25ED-4172-A592-9B3851726C73}.Debug|Any CPU.ActiveCfg = Debug|Any CPU
		{DE0919AA-25ED-4172-A592-9B3851726C73}.Debug|Any CPU.Build.0 = Debug|Any CPU
		{DE0919AA-25ED-4172-A592-9B3851726C73}.Debug|x64.ActiveCfg = Debug|Any CPU
		{DE0919AA-25ED-4172-A592-9B3851726C73}.Debug|x64.Build.0 = Debug|Any CPU
		{DE0919AA-25ED-4172-A592-9B3851726C73}.Debug|x86.ActiveCfg = Debug|Any CPU
		{DE0919AA-25ED-4172-A592-9B3851726C73}.Debug|x86.Build.0 = Debug|Any CPU
		{DE0919AA-25ED-4172-A592-9B3851726C73}.Release|Any CPU.ActiveCfg = Release|Any CPU
		{DE0919AA-25ED-4172-A592-9B3851726C73}.Release|Any CPU.Build.0 = Release|Any CPU
		{DE0919AA-25ED-4172-A592-9B3851726C73}.Release|x64.ActiveCfg = Release|Any CPU
		{DE0919AA-25ED-4172-A592-9B3851726C73}.Release|x64.Build.0 = Release|Any CPU
		{DE0919AA-25ED-4172-A592-9B3851726C73}.Release|x86.ActiveCfg = Release|Any CPU
		{DE0919AA-25ED-4172-A592-9B3851726C73}.Release|x86.Build.0 = Release|Any CPU
	EndGlobalSection
	GlobalSection(SolutionProperties) = preSolution
		HideSolutionNode = FALSE
	EndGlobalSection
EndGlobal
